
Microsoft Visual Studio Solution File, Format Version 12.00
# Visual Studio Version 17
VisualStudioVersion = 17.6.33815.320
MinimumVisualStudioVersion = 10.0.40219.1
Project("{FAE04EC0-301F-11D3-BF4B-00C04F79EFBC}") = "mvcmodelfirstproject", "mvcmodelfirstproject\mvcmodelfirstproject.csproj", "{9CFFCE5E-F9B2-4F76-AEC8-C08D3F4CF8B2}"
EndProject
Global
	GlobalSection(SolutionConfigurationPlatforms) = preSolution
		Debug|Any CPU = Debug|Any CPU
		Release|Any CPU = Release|Any CPU
	EndGlobalSection
	GlobalSection(ProjectConfigurationPlatforms) = postSolution
		{9CFFCE5E-F9B2-4F76-AEC8-C08D3F4CF8B2}.Debug|Any CPU.ActiveCfg = Debug|Any CPU
		{9CFFCE5E-F9B2-4F76-AEC8-C08D3F4CF8B2}.Debug|Any CPU.Build.0 = Debug|Any CPU
		{9CFFCE5E-F9B2-4F76-AEC8-C08D3F4CF8B2}.Release|Any CPU.ActiveCfg = Release|Any CPU
		{9CFFCE5E-F9B2-4F76-AEC8-C08D3F4CF8B2}.Release|Any CPU.Build.0 = Release|Any CPU
	EndGlobalSection
	GlobalSection(SolutionProperties) = preSolution
		HideSolutionNode = FALSE
	EndGlobalSection
	GlobalSection(ExtensibilityGlobals) = postSolution
		SolutionGuid = {3DA1B858-6C21-49AC-A3A3-DB9D91E7D81E}
	EndGlobalSection
EndGlobal
